
Microsoft Visual Studio Solution File, Format Version 12.00
# Visual Studio Version 16
VisualStudioVersion = 16.0.30804.86
MinimumVisualStudioVersion = 10.0.40219.1
Project("{FAE04EC0-301F-11D3-BF4B-00C04F79EFBC}") = "BlazorSignalRApp.Server", "Server\BlazorSignalRApp.Server.csproj", "{5EDA09E0-7D92-4A49-9C24-638449A574E2}"
EndProject
Project("{FAE04EC0-301F-11D3-BF4B-00C04F79EFBC}") = "BlazorSignalRApp.Client", "Client\BlazorSignalRApp.Client.csproj", "{D3683190-5B30-4AEF-B1F2-F124BFB90C4B}"
EndProject
Project("{FAE04EC0-301F-11D3-BF4B-00C04F79EFBC}") = "BlazorSignalRApp.Shared", "Shared\BlazorSignalRApp.Shared.csproj", "{DBF1D55B-C34B-4CBB-A935-C6D77924ADD6}"
EndProject
Global
	GlobalSection(SolutionConfigurationPlatforms) = preSolution
		Debug|Any CPU = Debug|Any CPU
		Release|Any CPU = Release|Any CPU
	EndGlobalSection
	GlobalSection(ProjectConfigurationPlatforms) = postSolution
		{5EDA09E0-7D92-4A49-9C24-638449A574E2}.Debug|Any CPU.ActiveCfg = Debug|Any CPU
		{5EDA09E0-7D92-4A49-9C24-638449A574E2}.Debug|Any CPU.Build.0 = Debug|Any CPU
		{5EDA09E0-7D92-4A49-9C24-638449A574E2}.Release|Any CPU.ActiveCfg = Release|Any CPU
		{5EDA09E0-7D92-4A49-9C24-638449A574E2}.Release|Any CPU.Build.0 = Release|Any CPU
		{D3683190-5B30-4AEF-B1F2-F124BFB90C4B}.Debug|Any CPU.ActiveCfg = Debug|Any CPU
		{D3683190-5B30-4AEF-B1F2-F124BFB90C4B}.Debug|Any CPU.Build.0 = Debug|Any CPU
		{D3683190-5B30-4AEF-B1F2-F124BFB90C4B}.Release|Any CPU.ActiveCfg = Release|Any CPU
		{D3683190-5B30-4AEF-B1F2-F124BFB90C4B}.Release|Any CPU.Build.0 = Release|Any CPU
		{DBF1D55B-C34B-4CBB-A935-C6D77924ADD6}.Debug|Any CPU.ActiveCfg = Debug|Any CPU
		{DBF1D55B-C34B-4CBB-A935-C6D77924ADD6}.Debug|Any CPU.Build.0 = Debug|Any CPU
		{DBF1D55B-C34B-4CBB-A935-C6D77924ADD6}.Release|Any CPU.ActiveCfg = Release|Any CPU
		{DBF1D55B-C34B-4CBB-A935-C6D77924ADD6}.Release|Any CPU.Build.0 = Release|Any CPU
	EndGlobalSection
	GlobalSection(SolutionProperties) = preSolution
		HideSolutionNode = FALSE
	EndGlobalSection
	GlobalSection(ExtensibilityGlobals) = postSolution
		SolutionGuid = {7776657D-4248-4490-B831-2BE5265D5D00}
	EndGlobalSection
EndGlobal
